
Microsoft Visual Studio Solution File, Format Version 12.00
# Visual Studio Version 17
VisualStudioVersion = 17.2.32526.322
MinimumVisualStudioVersion = 10.0.40219.1
Project("{FAE04EC0-301F-11D3-BF4B-00C04F79EFBC}") = "Project_Personal_Demo", "Project_Personal_Demo\Project_Personal_Demo.csproj", "{F2D42DE5-862D-4F09-905A-90C0857B5AA8}"
EndProject
Global
	GlobalSection(SolutionConfigurationPlatforms) = preSolution
		Debug|Any CPU = Debug|Any CPU
		Release|Any CPU = Release|Any CPU
	EndGlobalSection
	GlobalSection(ProjectConfigurationPlatforms) = postSolution
		{F2D42DE5-862D-4F09-905A-90C0857B5AA8}.Debug|Any CPU.ActiveCfg = Debug|Any CPU
		{F2D42DE5-862D-4F09-905A-90C0857B5AA8}.Debug|Any CPU.Build.0 = Debug|Any CPU
		{F2D42DE5-862D-4F09-905A-90C0857B5AA8}.Release|Any CPU.ActiveCfg = Release|Any CPU
		{F2D42DE5-862D-4F09-905A-90C0857B5AA8}.Release|Any CPU.Build.0 = Release|Any CPU
	EndGlobalSection
	GlobalSection(SolutionProperties) = preSolution
		HideSolutionNode = FALSE
	EndGlobalSection
	GlobalSection(ExtensibilityGlobals) = postSolution
		SolutionGuid = {D10E8604-C4D8-43A2-9B1D-F916BC9204C0}
	EndGlobalSection
EndGlobal
